
Microsoft Visual Studio Solution File, Format Version 12.00
Project("{FAE04EC0-301F-11D3-BF4B-00C04F79EFBC}") = "TodoApi", "TodoApi\TodoApi.csproj", "{981E1501-9AFB-42D3-B193-93B5A38CF7FA}"
EndProject
Project("{2150E333-8FDC-42A3-9474-1A3956D46DE8}") = "TodoApi", "TodoApi", "{E6787A1A-17DD-4112-B7DC-E9E0BF1D9107}"
EndProject
Project("{2150E333-8FDC-42A3-9474-1A3956D46DE8}") = "Todo.Web", "Todo.Web", "{9AE43EE8-0506-42A4-A5C5-3A74C5EE13E9}"
EndProject
Project("{FAE04EC0-301F-11D3-BF4B-00C04F79EFBC}") = "Todo.Web.Server", "Todo.Web\Server\Todo.Web.Server.csproj", "{B450F079-14DA-47BD-9047-55938B8E889F}"
EndProject
Project("{FAE04EC0-301F-11D3-BF4B-00C04F79EFBC}") = "Todo.Web.Client", "Todo.Web\Client\Todo.Web.Client.csproj", "{905FE495-9E4D-4E5E-A7EE-155705FFE882}"
EndProject
Project("{FAE04EC0-301F-11D3-BF4B-00C04F79EFBC}") = "Todo.Web.Shared", "Todo.Web\Shared\Todo.Web.Shared.csproj", "{2D575D74-3496-4EA3-BAD3-0A9CAB14A0E3}"
EndProject
Global
	GlobalSection(SolutionConfigurationPlatforms) = preSolution
		Debug|Any CPU = Debug|Any CPU
		Release|Any CPU = Release|Any CPU
	EndGlobalSection
	GlobalSection(ProjectConfigurationPlatforms) = postSolution
		{981E1501-9AFB-42D3-B193-93B5A38CF7FA}.Debug|Any CPU.ActiveCfg = Debug|Any CPU
		{981E1501-9AFB-42D3-B193-93B5A38CF7FA}.Debug|Any CPU.Build.0 = Debug|Any CPU
		{981E1501-9AFB-42D3-B193-93B5A38CF7FA}.Release|Any CPU.ActiveCfg = Release|Any CPU
		{981E1501-9AFB-42D3-B193-93B5A38CF7FA}.Release|Any CPU.Build.0 = Release|Any CPU
		{B450F079-14DA-47BD-9047-55938B8E889F}.Debug|Any CPU.ActiveCfg = Debug|Any CPU
		{B450F079-14DA-47BD-9047-55938B8E889F}.Debug|Any CPU.Build.0 = Debug|Any CPU
		{B450F079-14DA-47BD-9047-55938B8E889F}.Release|Any CPU.ActiveCfg = Release|Any CPU
		{B450F079-14DA-47BD-9047-55938B8E889F}.Release|Any CPU.Build.0 = Release|Any CPU
		{905FE495-9E4D-4E5E-A7EE-155705FFE882}.Debug|Any CPU.ActiveCfg = Debug|Any CPU
		{905FE495-9E4D-4E5E-A7EE-155705FFE882}.Debug|Any CPU.Build.0 = Debug|Any CPU
		{905FE495-9E4D-4E5E-A7EE-155705FFE882}.Release|Any CPU.ActiveCfg = Release|Any CPU
		{905FE495-9E4D-4E5E-A7EE-155705FFE882}.Release|Any CPU.Build.0 = Release|Any CPU
		{2D575D74-3496-4EA3-BAD3-0A9CAB14A0E3}.Debug|Any CPU.ActiveCfg = Debug|Any CPU
		{2D575D74-3496-4EA3-BAD3-0A9CAB14A0E3}.Debug|Any CPU.Build.0 = Debug|Any CPU
		{2D575D74-3496-4EA3-BAD3-0A9CAB14A0E3}.Release|Any CPU.ActiveCfg = Release|Any CPU
		{2D575D74-3496-4EA3-BAD3-0A9CAB14A0E3}.Release|Any CPU.Build.0 = Release|Any CPU
	EndGlobalSection
	GlobalSection(NestedProjects) = preSolution
		{981E1501-9AFB-42D3-B193-93B5A38CF7FA} = {E6787A1A-17DD-4112-B7DC-E9E0BF1D9107}
		{B450F079-14DA-47BD-9047-55938B8E889F} = {9AE43EE8-0506-42A4-A5C5-3A74C5EE13E9}
		{905FE495-9E4D-4E5E-A7EE-155705FFE882} = {9AE43EE8-0506-42A4-A5C5-3A74C5EE13E9}
		{2D575D74-3496-4EA3-BAD3-0A9CAB14A0E3} = {9AE43EE8-0506-42A4-A5C5-3A74C5EE13E9}
	EndGlobalSection
EndGlobal
